// !$*UTF8*$!
{
	archiveVersion = 1;
	classes = {
	};
	objectVersion = 50;
	objects = {

/* Begin PBXBuildFile section */
		D80118AF2134F0BF00214A27 /* body_icon04_i.png in Resources */ = {isa = PBXBuildFile; fileRef = D80A2563210956550082A9C0 /* body_icon04_i.png */; };
		D80118B02134F11300214A27 /* tsume_foot.png in Resources */ = {isa = PBXBuildFile; fileRef = D80A2564210956550082A9C0 /* tsume_foot.png */; };
		D80118B12134F11700214A27 /* body_icon01_nou.png in Resources */ = {isa = PBXBuildFile; fileRef = D80A2565210956550082A9C0 /* body_icon01_nou.png */; };
		D8030DA02124FA6500FA6870 /* SettingViewController.swift in Sources */ = {isa = PBXBuildFile; fileRef = D8030D9F2124FA6500FA6870 /* SettingViewController.swift */; };
		D8030DA22125045000FA6870 /* InputValueViewController.swift in Sources */ = {isa = PBXBuildFile; fileRef = D8030DA12125045000FA6870 /* InputValueViewController.swift */; };
		D8066B27210FEF990008D76B /* ItemListViewController.swift in Sources */ = {isa = PBXBuildFile; fileRef = D8066B26210FEF990008D76B /* ItemListViewController.swift */; };
		D8066B29210FF0840008D76B /* Item.swift in Sources */ = {isa = PBXBuildFile; fileRef = D8066B28210FF0840008D76B /* Item.swift */; };
		D80A25732109FCF80082A9C0 /* body_blank_figure_front.png in Resources */ = {isa = PBXBuildFile; fileRef = D80A2562210956540082A9C0 /* body_blank_figure_front.png */; };
		D817A094211BD51100DF0BF9 /* AgreementViewController.swift in Sources */ = {isa = PBXBuildFile; fileRef = D817A093211BD51100DF0BF9 /* AgreementViewController.swift */; };
		D861F87221074E890007F507 /* AppDelegate.swift in Sources */ = {isa = PBXBuildFile; fileRef = D861F87121074E890007F507 /* AppDelegate.swift */; };
		D861F87421074E890007F507 /* ViewController.swift in Sources */ = {isa = PBXBuildFile; fileRef = D861F87321074E890007F507 /* ViewController.swift */; };
		D861F87721074E890007F507 /* Main.storyboard in Resources */ = {isa = PBXBuildFile; fileRef = D861F87521074E890007F507 /* Main.storyboard */; };
		D861F87921074E8A0007F507 /* Assets.xcassets in Resources */ = {isa = PBXBuildFile; fileRef = D861F87821074E8A0007F507 /* Assets.xcassets */; };
		D861F87C21074E8A0007F507 /* LaunchScreen.storyboard in Resources */ = {isa = PBXBuildFile; fileRef = D861F87A21074E8A0007F507 /* LaunchScreen.storyboard */; };
		D861F884210758C10007F507 /* PersonalInfoViewController.swift in Sources */ = {isa = PBXBuildFile; fileRef = D861F883210758C10007F507 /* PersonalInfoViewController.swift */; };
		D8BF4295211BCBA00054CC13 /* ItemViewController.swift in Sources */ = {isa = PBXBuildFile; fileRef = D8BF4294211BCBA00054CC13 /* ItemViewController.swift */; };
		D8DA5422211C308D00FB2B7C /* StartViewController.swift in Sources */ = {isa = PBXBuildFile; fileRef = D8DA5421211C308D00FB2B7C /* StartViewController.swift */; };
		D8DA5426211F997000FB2B7C /* BodyViewController.swift in Sources */ = {isa = PBXBuildFile; fileRef = D8DA5425211F997000FB2B7C /* BodyViewController.swift */; };
/* End PBXBuildFile section */

/* Begin PBXFileReference section */
		D8030D9F2124FA6500FA6870 /* SettingViewController.swift */ = {isa = PBXFileReference; lastKnownFileType = sourcecode.swift; path = SettingViewController.swift; sourceTree = "<group>"; };
		D8030DA12125045000FA6870 /* InputValueViewController.swift */ = {isa = PBXFileReference; lastKnownFileType = sourcecode.swift; path = InputValueViewController.swift; sourceTree = "<group>"; };
		D8066B26210FEF990008D76B /* ItemListViewController.swift */ = {isa = PBXFileReference; lastKnownFileType = sourcecode.swift; path = ItemListViewController.swift; sourceTree = "<group>"; };
		D8066B28210FF0840008D76B /* Item.swift */ = {isa = PBXFileReference; lastKnownFileType = sourcecode.swift; path = Item.swift; sourceTree = "<group>"; };
		D80A2562210956540082A9C0 /* body_blank_figure_front.png */ = {isa = PBXFileReference; lastKnownFileType = image.png; path = body_blank_figure_front.png; sourceTree = "<group>"; };
		D80A2563210956550082A9C0 /* body_icon04_i.png */ = {isa = PBXFileReference; lastKnownFileType = image.png; path = body_icon04_i.png; sourceTree = "<group>"; };
		D80A2564210956550082A9C0 /* tsume_foot.png */ = {isa = PBXFileReference; lastKnownFileType = image.png; path = tsume_foot.png; sourceTree = "<group>"; };
		D80A2565210956550082A9C0 /* body_icon01_nou.png */ = {isa = PBXFileReference; lastKnownFileType = image.png; path = body_icon01_nou.png; sourceTree = "<group>"; };
		D80A2566210956550082A9C0 /* body_icon06_kanzou.png */ = {isa = PBXFileReference; lastKnownFileType = image.png; path = body_icon06_kanzou.png; sourceTree = "<group>"; };
		D80A2567210956560082A9C0 /* body_icon03_shinzou.png */ = {isa = PBXFileReference; lastKnownFileType = image.png; path = body_icon03_shinzou.png; sourceTree = "<group>"; };
		D80A2568210956560082A9C0 /* body_kata_kansetsu.png */ = {isa = PBXFileReference; lastKnownFileType = image.png; path = body_kata_kansetsu.png; sourceTree = "<group>"; };
		D80A2569210956560082A9C0 /* body_icon08_syouchou.png */ = {isa = PBXFileReference; lastKnownFileType = image.png; path = body_icon08_syouchou.png; sourceTree = "<group>"; };
		D80A256A210956570082A9C0 /* body_icon02_hai.png */ = {isa = PBXFileReference; lastKnownFileType = image.png; path = body_icon02_hai.png; sourceTree = "<group>"; };
		D80A256B210956570082A9C0 /* body_icon12_boukou.png */ = {isa = PBXFileReference; lastKnownFileType = image.png; path = body_icon12_boukou.png; sourceTree = "<group>"; };
		D80A256C210956570082A9C0 /* body_me_juketsu.png */ = {isa = PBXFileReference; lastKnownFileType = image.png; path = body_me_juketsu.png; sourceTree = "<group>"; };
		D80A256D210956580082A9C0 /* body_icon09_jinzou.png */ = {isa = PBXFileReference; lastKnownFileType = image.png; path = body_icon09_jinzou.png; sourceTree = "<group>"; };
		D80A256E210956580082A9C0 /* body_mouth_hentousen_no.png */ = {isa = PBXFileReference; lastKnownFileType = image.png; path = body_mouth_hentousen_no.png; sourceTree = "<group>"; };
		D80A256F210956590082A9C0 /* tsume_hand.png */ = {isa = PBXFileReference; lastKnownFileType = image.png; path = tsume_hand.png; sourceTree = "<group>"; };
		D80A2570210956590082A9C0 /* body_icon10_hizou.png */ = {isa = PBXFileReference; lastKnownFileType = image.png; path = body_icon10_hizou.png; sourceTree = "<group>"; };
		D80A2571210956590082A9C0 /* body_shinzou_danmenzu.png */ = {isa = PBXFileReference; lastKnownFileType = image.png; path = body_shinzou_danmenzu.png; sourceTree = "<group>"; };
		D80A25722109565A0082A9C0 /* body_icon07_daichou.png */ = {isa = PBXFileReference; lastKnownFileType = image.png; path = body_icon07_daichou.png; sourceTree = "<group>"; };
		D817A093211BD51100DF0BF9 /* AgreementViewController.swift */ = {isa = PBXFileReference; lastKnownFileType = sourcecode.swift; path = AgreementViewController.swift; sourceTree = "<group>"; };
		D861F86E21074E890007F507 /* LLO_V1.app */ = {isa = PBXFileReference; explicitFileType = wrapper.application; includeInIndex = 0; path = LLO_V1.app; sourceTree = BUILT_PRODUCTS_DIR; };
		D861F87121074E890007F507 /* AppDelegate.swift */ = {isa = PBXFileReference; lastKnownFileType = sourcecode.swift; path = AppDelegate.swift; sourceTree = "<group>"; };
		D861F87321074E890007F507 /* ViewController.swift */ = {isa = PBXFileReference; lastKnownFileType = sourcecode.swift; path = ViewController.swift; sourceTree = "<group>"; };
		D861F87621074E890007F507 /* Base */ = {isa = PBXFileReference; lastKnownFileType = file.storyboard; name = Base; path = Base.lproj/Main.storyboard; sourceTree = "<group>"; };
		D861F87821074E8A0007F507 /* Assets.xcassets */ = {isa = PBXFileReference; lastKnownFileType = folder.assetcatalog; path = Assets.xcassets; sourceTree = "<group>"; };
		D861F87B21074E8A0007F507 /* Base */ = {isa = PBXFileReference; lastKnownFileType = file.storyboard; name = Base; path = Base.lproj/LaunchScreen.storyboard; sourceTree = "<group>"; };
		D861F87D21074E8A0007F507 /* Info.plist */ = {isa = PBXFileReference; lastKnownFileType = text.plist.xml; path = Info.plist; sourceTree = "<group>"; };
		D861F883210758C10007F507 /* PersonalInfoViewController.swift */ = {isa = PBXFileReference; lastKnownFileType = sourcecode.swift; path = PersonalInfoViewController.swift; sourceTree = "<group>"; };
		D8BF4294211BCBA00054CC13 /* ItemViewController.swift */ = {isa = PBXFileReference; lastKnownFileType = sourcecode.swift; path = ItemViewController.swift; sourceTree = "<group>"; };
		D8DA5421211C308D00FB2B7C /* StartViewController.swift */ = {isa = PBXFileReference; lastKnownFileType = sourcecode.swift; path = StartViewController.swift; sourceTree = "<group>"; };
		D8DA5425211F997000FB2B7C /* BodyViewController.swift */ = {isa = PBXFileReference; lastKnownFileType = sourcecode.swift; path = BodyViewController.swift; sourceTree = "<group>"; };
/* End PBXFileReference section */

/* Begin PBXFrameworksBuildPhase section */
		D861F86B21074E890007F507 /* Frameworks */ = {
			isa = PBXFrameworksBuildPhase;
			buildActionMask = 2147483647;
			files = (
			);
			runOnlyForDeploymentPostprocessing = 0;
		};
/* End PBXFrameworksBuildPhase section */

/* Begin PBXGroup section */
		D80A253F210955A30082A9C0 /* img */ = {
			isa = PBXGroup;
			children = (
				D80A2562210956540082A9C0 /* body_blank_figure_front.png */,
				D80A2565210956550082A9C0 /* body_icon01_nou.png */,
				D80A256A210956570082A9C0 /* body_icon02_hai.png */,
				D80A2567210956560082A9C0 /* body_icon03_shinzou.png */,
				D80A2563210956550082A9C0 /* body_icon04_i.png */,
				D80A2566210956550082A9C0 /* body_icon06_kanzou.png */,
				D80A25722109565A0082A9C0 /* body_icon07_daichou.png */,
				D80A2569210956560082A9C0 /* body_icon08_syouchou.png */,
				D80A256D210956580082A9C0 /* body_icon09_jinzou.png */,
				D80A2570210956590082A9C0 /* body_icon10_hizou.png */,
				D80A256B210956570082A9C0 /* body_icon12_boukou.png */,
				D80A2568210956560082A9C0 /* body_kata_kansetsu.png */,
				D80A256C210956570082A9C0 /* body_me_juketsu.png */,
				D80A256E210956580082A9C0 /* body_mouth_hentousen_no.png */,
				D80A2571210956590082A9C0 /* body_shinzou_danmenzu.png */,
				D80A2564210956550082A9C0 /* tsume_foot.png */,
				D80A256F210956590082A9C0 /* tsume_hand.png */,
			);
			path = img;
			sourceTree = "<group>";
		};
		D861F86521074E890007F507 = {
			isa = PBXGroup;
			children = (
				D861F87021074E890007F507 /* LLO_V1 */,
				D861F86F21074E890007F507 /* Products */,
			);
			sourceTree = "<group>";
		};
		D861F86F21074E890007F507 /* Products */ = {
			isa = PBXGroup;
			children = (
				D861F86E21074E890007F507 /* LLO_V1.app */,
			);
			name = Products;
			sourceTree = "<group>";
		};
		D861F87021074E890007F507 /* LLO_V1 */ = {
			isa = PBXGroup;
			children = (
				D8066B28210FF0840008D76B /* Item.swift */,
				D80A253F210955A30082A9C0 /* img */,
				D861F87121074E890007F507 /* AppDelegate.swift */,
				D861F87321074E890007F507 /* ViewController.swift */,
				D861F87521074E890007F507 /* Main.storyboard */,
				D8030DA12125045000FA6870 /* InputValueViewController.swift */,
				D8030D9F2124FA6500FA6870 /* SettingViewController.swift */,
				D8DA5425211F997000FB2B7C /* BodyViewController.swift */,
				D8DA5421211C308D00FB2B7C /* StartViewController.swift */,
				D817A093211BD51100DF0BF9 /* AgreementViewController.swift */,
				D861F883210758C10007F507 /* PersonalInfoViewController.swift */,
				D861F87821074E8A0007F507 /* Assets.xcassets */,
				D861F87A21074E8A0007F507 /* LaunchScreen.storyboard */,
				D861F87D21074E8A0007F507 /* Info.plist */,
				D8066B26210FEF990008D76B /* ItemListViewController.swift */,
				D8BF4294211BCBA00054CC13 /* ItemViewController.swift */,
			);
			path = LLO_V1;
			sourceTree = "<group>";
		};
/* End PBXGroup section */

/* Begin PBXNativeTarget section */
		D861F86D21074E890007F507 /* LLO_V1 */ = {
			isa = PBXNativeTarget;
			buildConfigurationList = D861F88021074E8A0007F507 /* Build configuration list for PBXNativeTarget "LLO_V1" */;
			buildPhases = (
				D861F86A21074E890007F507 /* Sources */,
				D861F86B21074E890007F507 /* Frameworks */,
				D861F86C21074E890007F507 /* Resources */,
			);
			buildRules = (
			);
			dependencies = (
			);
			name = LLO_V1;
			productName = LLO_V1;
			productReference = D861F86E21074E890007F507 /* LLO_V1.app */;
			productType = "com.apple.product-type.application";
		};
/* End PBXNativeTarget section */

/* Begin PBXProject section */
		D861F86621074E890007F507 /* Project object */ = {
			isa = PBXProject;
			attributes = {
				LastSwiftUpdateCheck = 0940;
				LastUpgradeCheck = 0940;
				ORGANIZATIONNAME = "阿部敦忠";
				TargetAttributes = {
					D861F86D21074E890007F507 = {
						CreatedOnToolsVersion = 9.4.1;
					};
				};
			};
			buildConfigurationList = D861F86921074E890007F507 /* Build configuration list for PBXProject "LLO_V1" */;
			compatibilityVersion = "Xcode 9.3";
			developmentRegion = en;
			hasScannedForEncodings = 0;
			knownRegions = (
				en,
				Base,
			);
			mainGroup = D861F86521074E890007F507;
			productRefGroup = D861F86F21074E890007F507 /* Products */;
			projectDirPath = "";
			projectRoot = "";
			targets = (
				D861F86D21074E890007F507 /* LLO_V1 */,
			);
		};
/* End PBXProject section */

/* Begin PBXResourcesBuildPhase section */
		D861F86C21074E890007F507 /* Resources */ = {
			isa = PBXResourcesBuildPhase;
			buildActionMask = 2147483647;
			files = (
				D80118B02134F11300214A27 /* tsume_foot.png in Resources */,
				D80118AF2134F0BF00214A27 /* body_icon04_i.png in Resources */,
				D80A25732109FCF80082A9C0 /* body_blank_figure_front.png in Resources */,
				D861F87C21074E8A0007F507 /* LaunchScreen.storyboard in Resources */,
				D861F87921074E8A0007F507 /* Assets.xcassets in Resources */,
				D861F87721074E890007F507 /* Main.storyboard in Resources */,
				D80118B12134F11700214A27 /* body_icon01_nou.png in Resources */,
			);
			runOnlyForDeploymentPostprocessing = 0;
		};
/* End PBXResourcesBuildPhase section */

/* Begin PBXSourcesBuildPhase section */
		D861F86A21074E890007F507 /* Sources */ = {
			isa = PBXSourcesBuildPhase;
			buildActionMask = 2147483647;
			files = (
				D8066B29210FF0840008D76B /* Item.swift in Sources */,
				D861F87421074E890007F507 /* ViewController.swift in Sources */,
				D8066B27210FEF990008D76B /* ItemListViewController.swift in Sources */,
				D861F884210758C10007F507 /* PersonalInfoViewController.swift in Sources */,
				D8DA5422211C308D00FB2B7C /* StartViewController.swift in Sources */,
				D8DA5426211F997000FB2B7C /* BodyViewController.swift in Sources */,
				D861F87221074E890007F507 /* AppDelegate.swift in Sources */,
				D817A094211BD51100DF0BF9 /* AgreementViewController.swift in Sources */,
				D8030DA22125045000FA6870 /* InputValueViewController.swift in Sources */,
				D8BF4295211BCBA00054CC13 /* ItemViewController.swift in Sources */,
				D8030DA02124FA6500FA6870 /* SettingViewController.swift in Sources */,
			);
			runOnlyForDeploymentPostprocessing = 0;
		};
/* End PBXSourcesBuildPhase section */

/* Begin PBXVariantGroup section */
		D861F87521074E890007F507 /* Main.storyboard */ = {
			isa = PBXVariantGroup;
			children = (
				D861F87621074E890007F507 /* Base */,
			);
			name = Main.storyboard;
			sourceTree = "<group>";
		};
		D861F87A21074E8A0007F507 /* LaunchScreen.storyboard */ = {
			isa = PBXVariantGroup;
			children = (
				D861F87B21074E8A0007F507 /* Base */,
			);
			name = LaunchScreen.storyboard;
			sourceTree = "<group>";
		};
/* End PBXVariantGroup section */

/* Begin XCBuildConfiguration section */
		D861F87E21074E8A0007F507 /* Debug */ = {
			isa = XCBuildConfiguration;
			buildSettings = {
				ALWAYS_SEARCH_USER_PATHS = NO;
				CLANG_ANALYZER_NONNULL = YES;
				CLANG_ANALYZER_NUMBER_OBJECT_CONVERSION = YES_AGGRESSIVE;
				CLANG_CXX_LANGUAGE_STANDARD = "gnu++14";
				CLANG_CXX_LIBRARY = "libc++";
				CLANG_ENABLE_MODULES = YES;
				CLANG_ENABLE_OBJC_ARC = YES;
				CLANG_ENABLE_OBJC_WEAK = YES;
				CLANG_WARN_BLOCK_CAPTURE_AUTORELEASING = YES;
				CLANG_WARN_BOOL_CONVERSION = YES;
				CLANG_WARN_COMMA = YES;
				CLANG_WARN_CONSTANT_CONVERSION = YES;
				CLANG_WARN_DEPRECATED_OBJC_IMPLEMENTATIONS = YES;
				CLANG_WARN_DIRECT_OBJC_ISA_USAGE = YES_ERROR;
				CLANG_WARN_DOCUMENTATION_COMMENTS = YES;
				CLANG_WARN_EMPTY_BODY = YES;
				CLANG_WARN_ENUM_CONVERSION = YES;
				CLANG_WARN_INFINITE_RECURSION = YES;
				CLANG_WARN_INT_CONVERSION = YES;
				CLANG_WARN_NON_LITERAL_NULL_CONVERSION = YES;
				CLANG_WARN_OBJC_IMPLICIT_RETAIN_SELF = YES;
				CLANG_WARN_OBJC_LITERAL_CONVERSION = YES;
				CLANG_WARN_OBJC_ROOT_CLASS = YES_ERROR;
				CLANG_WARN_RANGE_LOOP_ANALYSIS = YES;
				CLANG_WARN_STRICT_PROTOTYPES = YES;
				CLANG_WARN_SUSPICIOUS_MOVE = YES;
				CLANG_WARN_UNGUARDED_AVAILABILITY = YES_AGGRESSIVE;
				CLANG_WARN_UNREACHABLE_CODE = YES;
				CLANG_WARN__DUPLICATE_METHOD_MATCH = YES;
				CODE_SIGN_IDENTITY = "iPhone Developer";
				COPY_PHASE_STRIP = NO;
				DEBUG_INFORMATION_FORMAT = dwarf;
				ENABLE_STRICT_OBJC_MSGSEND = YES;
				ENABLE_TESTABILITY = YES;
				GCC_C_LANGUAGE_STANDARD = gnu11;
				GCC_DYNAMIC_NO_PIC = NO;
				GCC_NO_COMMON_BLOCKS = YES;
				GCC_OPTIMIZATION_LEVEL = 0;
				GCC_PREPROCESSOR_DEFINITIONS = (
					"DEBUG=1",
					"$(inherited)",
				);
				GCC_WARN_64_TO_32_BIT_CONVERSION = YES;
				GCC_WARN_ABOUT_RETURN_TYPE = YES_ERROR;
				GCC_WARN_UNDECLARED_SELECTOR = YES;
				GCC_WARN_UNINITIALIZED_AUTOS = YES_AGGRESSIVE;
				GCC_WARN_UNUSED_FUNCTION = YES;
				GCC_WARN_UNUSED_VARIABLE = YES;
				IPHONEOS_DEPLOYMENT_TARGET = 11.4;
				MTL_ENABLE_DEBUG_INFO = YES;
				ONLY_ACTIVE_ARCH = YES;
				SDKROOT = iphoneos;
				SWIFT_ACTIVE_COMPILATION_CONDITIONS = DEBUG;
				SWIFT_OPTIMIZATION_LEVEL = "-Onone";
			};
			name = Debug;
		};
		D861F87F21074E8A0007F507 /* Release */ = {
			isa = XCBuildConfiguration;
			buildSettings = {
				ALWAYS_SEARCH_USER_PATHS = NO;
				CLANG_ANALYZER_NONNULL = YES;
				CLANG_ANALYZER_NUMBER_OBJECT_CONVERSION = YES_AGGRESSIVE;
				CLANG_CXX_LANGUAGE_STANDARD = "gnu++14";
				CLANG_CXX_LIBRARY = "libc++";
				CLANG_ENABLE_MODULES = YES;
				CLANG_ENABLE_OBJC_ARC = YES;
				CLANG_ENABLE_OBJC_WEAK = YES;
				CLANG_WARN_BLOCK_CAPTURE_AUTORELEASING = YES;
				CLANG_WARN_BOOL_CONVERSION = YES;
				CLANG_WARN_COMMA = YES;
				CLANG_WARN_CONSTANT_CONVERSION = YES;
				CLANG_WARN_DEPRECATED_OBJC_IMPLEMENTATIONS = YES;
				CLANG_WARN_DIRECT_OBJC_ISA_USAGE = YES_ERROR;
				CLANG_WARN_DOCUMENTATION_COMMENTS = YES;
				CLANG_WARN_EMPTY_BODY = YES;
				CLANG_WARN_ENUM_CONVERSION = YES;
				CLANG_WARN_INFINITE_RECURSION = YES;
				CLANG_WARN_INT_CONVERSION = YES;
				CLANG_WARN_NON_LITERAL_NULL_CONVERSION = YES;
				CLANG_WARN_OBJC_IMPLICIT_RETAIN_SELF = YES;
				CLANG_WARN_OBJC_LITERAL_CONVERSION = YES;
				CLANG_WARN_OBJC_ROOT_CLASS = YES_ERROR;
				CLANG_WARN_RANGE_LOOP_ANALYSIS = YES;
				CLANG_WARN_STRICT_PROTOTYPES = YES;
				CLANG_WARN_SUSPICIOUS_MOVE = YES;
				CLANG_WARN_UNGUARDED_AVAILABILITY = YES_AGGRESSIVE;
				CLANG_WARN_UNREACHABLE_CODE = YES;
				CLANG_WARN__DUPLICATE_METHOD_MATCH = YES;
				CODE_SIGN_IDENTITY = "iPhone Developer";
				COPY_PHASE_STRIP = NO;
				DEBUG_INFORMATION_FORMAT = "dwarf-with-dsym";
				ENABLE_NS_ASSERTIONS = NO;
				ENABLE_STRICT_OBJC_MSGSEND = YES;
				GCC_C_LANGUAGE_STANDARD = gnu11;
				GCC_NO_COMMON_BLOCKS = YES;
				GCC_WARN_64_TO_32_BIT_CONVERSION = YES;
				GCC_WARN_ABOUT_RETURN_TYPE = YES_ERROR;
				GCC_WARN_UNDECLARED_SELECTOR = YES;
				GCC_WARN_UNINITIALIZED_AUTOS = YES_AGGRESSIVE;
				GCC_WARN_UNUSED_FUNCTION = YES;
				GCC_WARN_UNUSED_VARIABLE = YES;
				IPHONEOS_DEPLOYMENT_TARGET = 11.4;
				MTL_ENABLE_DEBUG_INFO = NO;
				SDKROOT = iphoneos;
				SWIFT_COMPILATION_MODE = wholemodule;
				SWIFT_OPTIMIZATION_LEVEL = "-O";
				VALIDATE_PRODUCT = YES;
			};
			name = Release;
		};
		D861F88121074E8A0007F507 /* Debug */ = {
			isa = XCBuildConfiguration;
			buildSettings = {
				ASSETCATALOG_COMPILER_APPICON_NAME = AppIcon;
				CODE_SIGN_STYLE = Automatic;
				DEVELOPMENT_TEAM = 9S2P4PS5J3;
				INFOPLIST_FILE = LLO_V1/Info.plist;
				LD_RUNPATH_SEARCH_PATHS = (
					"$(inherited)",
					"@executable_path/Frameworks",
				);
				PRODUCT_BUNDLE_IDENTIFIER = "com.gmail.a.a.bene19751206u.LLO-V1";
				PRODUCT_NAME = "$(TARGET_NAME)";
				SWIFT_VERSION = 4.0;
				TARGETED_DEVICE_FAMILY = "1,2";
			};
			name = Debug;
		};
		D861F88221074E8A0007F507 /* Release */ = {
			isa = XCBuildConfiguration;
			buildSettings = {
				ASSETCATALOG_COMPILER_APPICON_NAME = AppIcon;
				CODE_SIGN_STYLE = Automatic;
				DEVELOPMENT_TEAM = 9S2P4PS5J3;
				INFOPLIST_FILE = LLO_V1/Info.plist;
				LD_RUNPATH_SEARCH_PATHS = (
					"$(inherited)",
					"@executable_path/Frameworks",
				);
				PRODUCT_BUNDLE_IDENTIFIER = "com.gmail.a.a.bene19751206u.LLO-V1";
				PRODUCT_NAME = "$(TARGET_NAME)";
				SWIFT_VERSION = 4.0;
				TARGETED_DEVICE_FAMILY = "1,2";
			};
			name = Release;
		};
/* End XCBuildConfiguration section */

/* Begin XCConfigurationList section */
		D861F86921074E890007F507 /* Build configuration list for PBXProject "LLO_V1" */ = {
			isa = XCConfigurationList;
			buildConfigurations = (
				D861F87E21074E8A0007F507 /* Debug */,
				D861F87F21074E8A0007F507 /* Release */,
			);
			defaultConfigurationIsVisible = 0;
			defaultConfigurationName = Release;
		};
		D861F88021074E8A0007F507 /* Build configuration list for PBXNativeTarget "LLO_V1" */ = {
			isa = XCConfigurationList;
			buildConfigurations = (
				D861F88121074E8A0007F507 /* Debug */,
				D861F88221074E8A0007F507 /* Release */,
			);
			defaultConfigurationIsVisible = 0;
			defaultConfigurationName = Release;
		};
/* End XCConfigurationList section */
	};
	rootObject = D861F86621074E890007F507 /* Project object */;
}
